
Microsoft Visual Studio Solution File, Format Version 12.00
# Visual Studio Version 16
VisualStudioVersion = 16.0.30011.22
MinimumVisualStudioVersion = 10.0.40219.1
Project("{FAE04EC0-301F-11D3-BF4B-00C04F79EFBC}") = "Notify20200619", "Notify20200619.csproj", "{B44C1EA1-2450-489E-AB50-1AF3BD608EE1}"
EndProject
Global
	GlobalSection(SolutionConfigurationPlatforms) = preSolution
		Debug|Any CPU = Debug|Any CPU
		Release|Any CPU = Release|Any CPU
	EndGlobalSection
	GlobalSection(ProjectConfigurationPlatforms) = postSolution
		{B44C1EA1-2450-489E-AB50-1AF3BD608EE1}.Debug|Any CPU.ActiveCfg = Debug|Any CPU
		{B44C1EA1-2450-489E-AB50-1AF3BD608EE1}.Debug|Any CPU.Build.0 = Debug|Any CPU
		{B44C1EA1-2450-489E-AB50-1AF3BD608EE1}.Release|Any CPU.ActiveCfg = Release|Any CPU
		{B44C1EA1-2450-489E-AB50-1AF3BD608EE1}.Release|Any CPU.Build.0 = Release|Any CPU
	EndGlobalSection
	GlobalSection(SolutionProperties) = preSolution
		HideSolutionNode = FALSE
	EndGlobalSection
	GlobalSection(ExtensibilityGlobals) = postSolution
		SolutionGuid = {4396DA15-147C-40E1-BE83-B6F668EE0725}
	EndGlobalSection
EndGlobal
