
Microsoft Visual Studio Solution File, Format Version 12.00
# Visual Studio Version 16
VisualStudioVersion = 16.0.29920.165
MinimumVisualStudioVersion = 10.0.40219.1
Project("{FAE04EC0-301F-11D3-BF4B-00C04F79EFBC}") = "ViewAndControllersParameters", "ViewAndControllersParameters.csproj", "{6BE3DA59-9AEC-4A62-8AC5-A561F194CD79}"
EndProject
Global
	GlobalSection(SolutionConfigurationPlatforms) = preSolution
		Debug|Any CPU = Debug|Any CPU
		Release|Any CPU = Release|Any CPU
	EndGlobalSection
	GlobalSection(ProjectConfigurationPlatforms) = postSolution
		{6BE3DA59-9AEC-4A62-8AC5-A561F194CD79}.Debug|Any CPU.ActiveCfg = Debug|Any CPU
		{6BE3DA59-9AEC-4A62-8AC5-A561F194CD79}.Debug|Any CPU.Build.0 = Debug|Any CPU
		{6BE3DA59-9AEC-4A62-8AC5-A561F194CD79}.Release|Any CPU.ActiveCfg = Release|Any CPU
		{6BE3DA59-9AEC-4A62-8AC5-A561F194CD79}.Release|Any CPU.Build.0 = Release|Any CPU
	EndGlobalSection
	GlobalSection(SolutionProperties) = preSolution
		HideSolutionNode = FALSE
	EndGlobalSection
	GlobalSection(ExtensibilityGlobals) = postSolution
		SolutionGuid = {9C27AB4E-14D5-4778-9347-87B04BFB9B4F}
	EndGlobalSection
EndGlobal
