
Microsoft Visual Studio Solution File, Format Version 12.00
# Visual Studio Version 16
VisualStudioVersion = 16.0.29920.165
MinimumVisualStudioVersion = 10.0.40219.1
Project("{FAE04EC0-301F-11D3-BF4B-00C04F79EFBC}") = "MVCTest", "MVCTest.csproj", "{C85271CD-1186-4C50-86AE-D052ADD871DA}"
EndProject
Global
	GlobalSection(SolutionConfigurationPlatforms) = preSolution
		Debug|Any CPU = Debug|Any CPU
		Release|Any CPU = Release|Any CPU
	EndGlobalSection
	GlobalSection(ProjectConfigurationPlatforms) = postSolution
		{C85271CD-1186-4C50-86AE-D052ADD871DA}.Debug|Any CPU.ActiveCfg = Debug|Any CPU
		{C85271CD-1186-4C50-86AE-D052ADD871DA}.Debug|Any CPU.Build.0 = Debug|Any CPU
		{C85271CD-1186-4C50-86AE-D052ADD871DA}.Release|Any CPU.ActiveCfg = Release|Any CPU
		{C85271CD-1186-4C50-86AE-D052ADD871DA}.Release|Any CPU.Build.0 = Release|Any CPU
	EndGlobalSection
	GlobalSection(SolutionProperties) = preSolution
		HideSolutionNode = FALSE
	EndGlobalSection
	GlobalSection(ExtensibilityGlobals) = postSolution
		SolutionGuid = {C55002A2-D1A6-4028-99CF-756C785DF60F}
	EndGlobalSection
EndGlobal
