
Microsoft Visual Studio Solution File, Format Version 12.00
# Visual Studio Version 16
VisualStudioVersion = 16.0.30011.22
MinimumVisualStudioVersion = 10.0.40219.1
Project("{FAE04EC0-301F-11D3-BF4B-00C04F79EFBC}") = "Chatroom", "Chatroom.csproj", "{E1FA30C6-8BFA-4EAA-9927-F5A121D7E475}"
EndProject
Global
	GlobalSection(SolutionConfigurationPlatforms) = preSolution
		Debug|Any CPU = Debug|Any CPU
		Release|Any CPU = Release|Any CPU
	EndGlobalSection
	GlobalSection(ProjectConfigurationPlatforms) = postSolution
		{E1FA30C6-8BFA-4EAA-9927-F5A121D7E475}.Debug|Any CPU.ActiveCfg = Debug|Any CPU
		{E1FA30C6-8BFA-4EAA-9927-F5A121D7E475}.Debug|Any CPU.Build.0 = Debug|Any CPU
		{E1FA30C6-8BFA-4EAA-9927-F5A121D7E475}.Release|Any CPU.ActiveCfg = Release|Any CPU
		{E1FA30C6-8BFA-4EAA-9927-F5A121D7E475}.Release|Any CPU.Build.0 = Release|Any CPU
	EndGlobalSection
	GlobalSection(SolutionProperties) = preSolution
		HideSolutionNode = FALSE
	EndGlobalSection
	GlobalSection(ExtensibilityGlobals) = postSolution
		SolutionGuid = {84A3041B-2120-4014-AC87-B010E48043C8}
	EndGlobalSection
EndGlobal
